
Microsoft Visual Studio Solution File, Format Version 12.00
# Visual Studio Version 17
VisualStudioVersion = 17.11.35312.102
MinimumVisualStudioVersion = 10.0.40219.1
Project("{FAE04EC0-301F-11D3-BF4B-00C04F79EFBC}") = "Barathrum.GamesSync", "Barathrum.GamesSync\Barathrum.GamesSync.csproj", "{49792635-83D1-491C-BCC7-FDDCFD8BAE94}"
EndProject
Global
	GlobalSection(SolutionConfigurationPlatforms) = preSolution
		Debug|Any CPU = Debug|Any CPU
		Release|Any CPU = Release|Any CPU
	EndGlobalSection
	GlobalSection(ProjectConfigurationPlatforms) = postSolution
		{49792635-83D1-491C-BCC7-FDDCFD8BAE94}.Debug|Any CPU.ActiveCfg = Debug|Any CPU
		{49792635-83D1-491C-BCC7-FDDCFD8BAE94}.Debug|Any CPU.Build.0 = Debug|Any CPU
		{49792635-83D1-491C-BCC7-FDDCFD8BAE94}.Release|Any CPU.ActiveCfg = Release|Any CPU
		{49792635-83D1-491C-BCC7-FDDCFD8BAE94}.Release|Any CPU.Build.0 = Release|Any CPU
	EndGlobalSection
	GlobalSection(SolutionProperties) = preSolution
		HideSolutionNode = FALSE
	EndGlobalSection
	GlobalSection(ExtensibilityGlobals) = postSolution
		SolutionGuid = {D0B29947-2F9A-4C20-AAF0-C39CD7D39907}
	EndGlobalSection
EndGlobal
